// !$*UTF8*$!
{
	archiveVersion = 1;
	classes = {
	};
	objectVersion = 46;
	objects = {

/* Begin PBXBuildFile section */
		6BF094201DCC06F800A704D0 /* AppDelegate.swift in Sources */ = {isa = PBXBuildFile; fileRef = 6BF0941F1DCC06F800A704D0 /* AppDelegate.swift */; };
		6BF094221DCC06F800A704D0 /* ViewController.swift in Sources */ = {isa = PBXBuildFile; fileRef = 6BF094211DCC06F800A704D0 /* ViewController.swift */; };
		6BF094271DCC06F800A704D0 /* Assets.xcassets in Resources */ = {isa = PBXBuildFile; fileRef = 6BF094261DCC06F800A704D0 /* Assets.xcassets */; };
		6BF0942A1DCC06F800A704D0 /* LaunchScreen.storyboard in Resources */ = {isa = PBXBuildFile; fileRef = 6BF094281DCC06F800A704D0 /* LaunchScreen.storyboard */; };
		C74DCC736C8B6345BB3C6E20 /* Pods_BB_app.framework in Frameworks */ = {isa = PBXBuildFile; fileRef = 9FC81161BC2CFD1F5D32E5C2 /* Pods_BB_app.framework */; };
		D27B34661E8F3F66001D1FF2 /* circle.png in Resources */ = {isa = PBXBuildFile; fileRef = D27B34651E8F3F66001D1FF2 /* circle.png */; };
		D27B34681E8F3F76001D1FF2 /* half circle.png in Resources */ = {isa = PBXBuildFile; fileRef = D27B34671E8F3F76001D1FF2 /* half circle.png */; };
		D27B346A1E8F3F95001D1FF2 /* half circle1.png in Resources */ = {isa = PBXBuildFile; fileRef = D27B34691E8F3F95001D1FF2 /* half circle1.png */; };
		D27B346D1E8F4058001D1FF2 /* Main.storyboard in Resources */ = {isa = PBXBuildFile; fileRef = D27B346B1E8F4058001D1FF2 /* Main.storyboard */; };
		D27B34731E8F4931001D1FF2 /* GoogleService-Info.plist in Resources */ = {isa = PBXBuildFile; fileRef = D27B34721E8F4931001D1FF2 /* GoogleService-Info.plist */; };
		D2F7FCE11E8F05E7004C895A /* instructViewController.swift in Sources */ = {isa = PBXBuildFile; fileRef = D2F7FCE01E8F05E7004C895A /* instructViewController.swift */; };
/* End PBXBuildFile section */

/* Begin PBXFileReference section */
		6BF0941C1DCC06F800A704D0 /* BB app.app */ = {isa = PBXFileReference; explicitFileType = wrapper.application; includeInIndex = 0; path = "BB app.app"; sourceTree = BUILT_PRODUCTS_DIR; };
		6BF0941F1DCC06F800A704D0 /* AppDelegate.swift */ = {isa = PBXFileReference; lastKnownFileType = sourcecode.swift; path = AppDelegate.swift; sourceTree = "<group>"; };
		6BF094211DCC06F800A704D0 /* ViewController.swift */ = {isa = PBXFileReference; lastKnownFileType = sourcecode.swift; path = ViewController.swift; sourceTree = "<group>"; };
		6BF094261DCC06F800A704D0 /* Assets.xcassets */ = {isa = PBXFileReference; lastKnownFileType = folder.assetcatalog; path = Assets.xcassets; sourceTree = "<group>"; };
		6BF094291DCC06F800A704D0 /* Base */ = {isa = PBXFileReference; lastKnownFileType = file.storyboard; name = Base; path = Base.lproj/LaunchScreen.storyboard; sourceTree = "<group>"; };
		6BF0942B1DCC06F800A704D0 /* Info.plist */ = {isa = PBXFileReference; lastKnownFileType = text.plist.xml; path = Info.plist; sourceTree = "<group>"; };
		7C9333C1BB4A397CF7D028A3 /* Pods-BB app.release.xcconfig */ = {isa = PBXFileReference; includeInIndex = 1; lastKnownFileType = text.xcconfig; name = "Pods-BB app.release.xcconfig"; path = "Pods/Target Support Files/Pods-BB app/Pods-BB app.release.xcconfig"; sourceTree = "<group>"; };
		9FC81161BC2CFD1F5D32E5C2 /* Pods_BB_app.framework */ = {isa = PBXFileReference; explicitFileType = wrapper.framework; includeInIndex = 0; path = Pods_BB_app.framework; sourceTree = BUILT_PRODUCTS_DIR; };
		D27B34651E8F3F66001D1FF2 /* circle.png */ = {isa = PBXFileReference; lastKnownFileType = image.png; name = circle.png; path = ../../../../circle.png; sourceTree = "<group>"; };
		D27B34671E8F3F76001D1FF2 /* half circle.png */ = {isa = PBXFileReference; lastKnownFileType = image.png; name = "half circle.png"; path = "../../../../half circle.png"; sourceTree = "<group>"; };
		D27B34691E8F3F95001D1FF2 /* half circle1.png */ = {isa = PBXFileReference; lastKnownFileType = image.png; name = "half circle1.png"; path = "../../../../../Downloads/half circle1.png"; sourceTree = "<group>"; };
		D27B346C1E8F4058001D1FF2 /* Base */ = {isa = PBXFileReference; lastKnownFileType = file.storyboard; name = Base; path = Base.lproj/Main.storyboard; sourceTree = "<group>"; };
		D27B34721E8F4931001D1FF2 /* GoogleService-Info.plist */ = {isa = PBXFileReference; fileEncoding = 4; lastKnownFileType = text.plist.xml; name = "GoogleService-Info.plist"; path = "../../../../../Downloads/GoogleService-Info.plist"; sourceTree = "<group>"; };
		D2F7FCE01E8F05E7004C895A /* instructViewController.swift */ = {isa = PBXFileReference; fileEncoding = 4; lastKnownFileType = sourcecode.swift; path = instructViewController.swift; sourceTree = "<group>"; };
		E6A66EF341C1AA8D6B6D715A /* Pods-BB app.debug.xcconfig */ = {isa = PBXFileReference; includeInIndex = 1; lastKnownFileType = text.xcconfig; name = "Pods-BB app.debug.xcconfig"; path = "Pods/Target Support Files/Pods-BB app/Pods-BB app.debug.xcconfig"; sourceTree = "<group>"; };
/* End PBXFileReference section */

/* Begin PBXFrameworksBuildPhase section */
		6BF094191DCC06F800A704D0 /* Frameworks */ = {
			isa = PBXFrameworksBuildPhase;
			buildActionMask = 2147483647;
			files = (
				C74DCC736C8B6345BB3C6E20 /* Pods_BB_app.framework in Frameworks */,
			);
			runOnlyForDeploymentPostprocessing = 0;
		};
/* End PBXFrameworksBuildPhase section */

/* Begin PBXGroup section */
		3E24C0D741F9442111309CFF /* Frameworks */ = {
			isa = PBXGroup;
			children = (
				9FC81161BC2CFD1F5D32E5C2 /* Pods_BB_app.framework */,
			);
			name = Frameworks;
			sourceTree = "<group>";
		};
		6BF094131DCC06F800A704D0 = {
			isa = PBXGroup;
			children = (
				6BF0941E1DCC06F800A704D0 /* BB app */,
				6BF0941D1DCC06F800A704D0 /* Products */,
				9B98A29B1B619989183BB19B /* Pods */,
				3E24C0D741F9442111309CFF /* Frameworks */,
			);
			sourceTree = "<group>";
		};
		6BF0941D1DCC06F800A704D0 /* Products */ = {
			isa = PBXGroup;
			children = (
				6BF0941C1DCC06F800A704D0 /* BB app.app */,
			);
			name = Products;
			sourceTree = "<group>";
		};
		6BF0941E1DCC06F800A704D0 /* BB app */ = {
			isa = PBXGroup;
			children = (
				6BF0941F1DCC06F800A704D0 /* AppDelegate.swift */,
				6BF094211DCC06F800A704D0 /* ViewController.swift */,
				D2F7FCE01E8F05E7004C895A /* instructViewController.swift */,
				6BF094261DCC06F800A704D0 /* Assets.xcassets */,
				D27B346B1E8F4058001D1FF2 /* Main.storyboard */,
				D27B34651E8F3F66001D1FF2 /* circle.png */,
				D27B34691E8F3F95001D1FF2 /* half circle1.png */,
				D27B34671E8F3F76001D1FF2 /* half circle.png */,
				6BF094281DCC06F800A704D0 /* LaunchScreen.storyboard */,
				D27B34721E8F4931001D1FF2 /* GoogleService-Info.plist */,
				6BF0942B1DCC06F800A704D0 /* Info.plist */,
			);
			path = "BB app";
			sourceTree = "<group>";
		};
		9B98A29B1B619989183BB19B /* Pods */ = {
			isa = PBXGroup;
			children = (
				E6A66EF341C1AA8D6B6D715A /* Pods-BB app.debug.xcconfig */,
				7C9333C1BB4A397CF7D028A3 /* Pods-BB app.release.xcconfig */,
			);
			name = Pods;
			sourceTree = "<group>";
		};
/* End PBXGroup section */

/* Begin PBXNativeTarget section */
		6BF0941B1DCC06F800A704D0 /* BB app */ = {
			isa = PBXNativeTarget;
			buildConfigurationList = 6BF0942E1DCC06F800A704D0 /* Build configuration list for PBXNativeTarget "BB app" */;
			buildPhases = (
				29B024BE8156BBFADE4ECE53 /* [CP] Check Pods Manifest.lock */,
				6BF094181DCC06F800A704D0 /* Sources */,
				6BF094191DCC06F800A704D0 /* Frameworks */,
				6BF0941A1DCC06F800A704D0 /* Resources */,
				F9B55103C0552B5751177ABD /* [CP] Embed Pods Frameworks */,
				3665AF43D345428BFF8167B7 /* [CP] Copy Pods Resources */,
			);
			buildRules = (
			);
			dependencies = (
			);
			name = "BB app";
			productName = "BB app";
			productReference = 6BF0941C1DCC06F800A704D0 /* BB app.app */;
			productType = "com.apple.product-type.application";
		};
/* End PBXNativeTarget section */

/* Begin PBXProject section */
		6BF094141DCC06F800A704D0 /* Project object */ = {
			isa = PBXProject;
			attributes = {
				LastSwiftUpdateCheck = 0800;
				LastUpgradeCheck = 0810;
				ORGANIZATIONNAME = Akhil;
				TargetAttributes = {
					6BF0941B1DCC06F800A704D0 = {
						CreatedOnToolsVersion = 8.0;
						LastSwiftMigration = 0810;
						ProvisioningStyle = Automatic;
					};
				};
			};
			buildConfigurationList = 6BF094171DCC06F800A704D0 /* Build configuration list for PBXProject "BB app" */;
			compatibilityVersion = "Xcode 3.2";
			developmentRegion = English;
			hasScannedForEncodings = 0;
			knownRegions = (
				en,
				Base,
			);
			mainGroup = 6BF094131DCC06F800A704D0;
			productRefGroup = 6BF0941D1DCC06F800A704D0 /* Products */;
			projectDirPath = "";
			projectRoot = "";
			targets = (
				6BF0941B1DCC06F800A704D0 /* BB app */,
			);
		};
/* End PBXProject section */

/* Begin PBXResourcesBuildPhase section */
		6BF0941A1DCC06F800A704D0 /* Resources */ = {
			isa = PBXResourcesBuildPhase;
			buildActionMask = 2147483647;
			files = (
				6BF0942A1DCC06F800A704D0 /* LaunchScreen.storyboard in Resources */,
				D27B346D1E8F4058001D1FF2 /* Main.storyboard in Resources */,
				D27B346A1E8F3F95001D1FF2 /* half circle1.png in Resources */,
				6BF094271DCC06F800A704D0 /* Assets.xcassets in Resources */,
				D27B34681E8F3F76001D1FF2 /* half circle.png in Resources */,
				D27B34661E8F3F66001D1FF2 /* circle.png in Resources */,
				D27B34731E8F4931001D1FF2 /* GoogleService-Info.plist in Resources */,
			);
			runOnlyForDeploymentPostprocessing = 0;
		};
/* End PBXResourcesBuildPhase section */

/* Begin PBXShellScriptBuildPhase section */
		29B024BE8156BBFADE4ECE53 /* [CP] Check Pods Manifest.lock */ = {
			isa = PBXShellScriptBuildPhase;
			buildActionMask = 2147483647;
			files = (
			);
			inputPaths = (
			);
			name = "[CP] Check Pods Manifest.lock";
			outputPaths = (
			);
			runOnlyForDeploymentPostprocessing = 0;
			shellPath = /bin/sh;
			shellScript = "diff \"${PODS_ROOT}/../Podfile.lock\" \"${PODS_ROOT}/Manifest.lock\" > /dev/null\nif [ $? != 0 ] ; then\n    # print error to STDERR\n    echo \"error: The sandbox is not in sync with the Podfile.lock. Run 'pod install' or update your CocoaPods installation.\" >&2\n    exit 1\nfi\n";
			showEnvVarsInLog = 0;
		};
		3665AF43D345428BFF8167B7 /* [CP] Copy Pods Resources */ = {
			isa = PBXShellScriptBuildPhase;
			buildActionMask = 2147483647;
			files = (
			);
			inputPaths = (
			);
			name = "[CP] Copy Pods Resources";
			outputPaths = (
			);
			runOnlyForDeploymentPostprocessing = 0;
			shellPath = /bin/sh;
			shellScript = "\"${SRCROOT}/Pods/Target Support Files/Pods-BB app/Pods-BB app-resources.sh\"\n";
			showEnvVarsInLog = 0;
		};
		F9B55103C0552B5751177ABD /* [CP] Embed Pods Frameworks */ = {
			isa = PBXShellScriptBuildPhase;
			buildActionMask = 2147483647;
			files = (
			);
			inputPaths = (
			);
			name = "[CP] Embed Pods Frameworks";
			outputPaths = (
			);
			runOnlyForDeploymentPostprocessing = 0;
			shellPath = /bin/sh;
			shellScript = "\"${SRCROOT}/Pods/Target Support Files/Pods-BB app/Pods-BB app-frameworks.sh\"\n";
			showEnvVarsInLog = 0;
		};
/* End PBXShellScriptBuildPhase section */

/* Begin PBXSourcesBuildPhase section */
		6BF094181DCC06F800A704D0 /* Sources */ = {
			isa = PBXSourcesBuildPhase;
			buildActionMask = 2147483647;
			files = (
				D2F7FCE11E8F05E7004C895A /* instructViewController.swift in Sources */,
				6BF094221DCC06F800A704D0 /* ViewController.swift in Sources */,
				6BF094201DCC06F800A704D0 /* AppDelegate.swift in Sources */,
			);
			runOnlyForDeploymentPostprocessing = 0;
		};
/* End PBXSourcesBuildPhase section */

/* Begin PBXVariantGroup section */
		6BF094281DCC06F800A704D0 /* LaunchScreen.storyboard */ = {
			isa = PBXVariantGroup;
			children = (
				6BF094291DCC06F800A704D0 /* Base */,
			);
			name = LaunchScreen.storyboard;
			sourceTree = "<group>";
		};
		D27B346B1E8F4058001D1FF2 /* Main.storyboard */ = {
			isa = PBXVariantGroup;
			children = (
				D27B346C1E8F4058001D1FF2 /* Base */,
			);
			name = Main.storyboard;
			sourceTree = "<group>";
		};
/* End PBXVariantGroup section */

/* Begin XCBuildConfiguration section */
		6BF0942C1DCC06F800A704D0 /* Debug */ = {
			isa = XCBuildConfiguration;
			buildSettings = {
				ALWAYS_SEARCH_USER_PATHS = NO;
				CLANG_ANALYZER_NONNULL = YES;
				CLANG_CXX_LANGUAGE_STANDARD = "gnu++0x";
				CLANG_CXX_LIBRARY = "libc++";
				CLANG_ENABLE_MODULES = YES;
				CLANG_ENABLE_OBJC_ARC = YES;
				CLANG_WARN_BOOL_CONVERSION = YES;
				CLANG_WARN_CONSTANT_CONVERSION = YES;
				CLANG_WARN_DIRECT_OBJC_ISA_USAGE = YES_ERROR;
				CLANG_WARN_DOCUMENTATION_COMMENTS = YES;
				CLANG_WARN_EMPTY_BODY = YES;
				CLANG_WARN_ENUM_CONVERSION = YES;
				CLANG_WARN_INFINITE_RECURSION = YES;
				CLANG_WARN_INT_CONVERSION = YES;
				CLANG_WARN_OBJC_ROOT_CLASS = YES_ERROR;
				CLANG_WARN_SUSPICIOUS_MOVE = YES;
				CLANG_WARN_SUSPICIOUS_MOVES = YES;
				CLANG_WARN_UNREACHABLE_CODE = YES;
				CLANG_WARN__DUPLICATE_METHOD_MATCH = YES;
				"CODE_SIGN_IDENTITY[sdk=iphoneos*]" = "iPhone Developer";
				COPY_PHASE_STRIP = NO;
				DEBUG_INFORMATION_FORMAT = dwarf;
				ENABLE_STRICT_OBJC_MSGSEND = YES;
				ENABLE_TESTABILITY = YES;
				GCC_C_LANGUAGE_STANDARD = gnu99;
				GCC_DYNAMIC_NO_PIC = NO;
				GCC_NO_COMMON_BLOCKS = YES;
				GCC_OPTIMIZATION_LEVEL = 0;
				GCC_PREPROCESSOR_DEFINITIONS = (
					"DEBUG=1",
					"$(inherited)",
				);
				GCC_WARN_64_TO_32_BIT_CONVERSION = YES;
				GCC_WARN_ABOUT_RETURN_TYPE = YES_ERROR;
				GCC_WARN_UNDECLARED_SELECTOR = YES;
				GCC_WARN_UNINITIALIZED_AUTOS = YES_AGGRESSIVE;
				GCC_WARN_UNUSED_FUNCTION = YES;
				GCC_WARN_UNUSED_VARIABLE = YES;
				IPHONEOS_DEPLOYMENT_TARGET = 10.0;
				MTL_ENABLE_DEBUG_INFO = YES;
				ONLY_ACTIVE_ARCH = YES;
				SDKROOT = iphoneos;
				SWIFT_ACTIVE_COMPILATION_CONDITIONS = DEBUG;
				SWIFT_OPTIMIZATION_LEVEL = "-Onone";
				TARGETED_DEVICE_FAMILY = "1,2";
			};
			name = Debug;
		};
		6BF0942D1DCC06F800A704D0 /* Release */ = {
			isa = XCBuildConfiguration;
			buildSettings = {
				ALWAYS_SEARCH_USER_PATHS = NO;
				CLANG_ANALYZER_NONNULL = YES;
				CLANG_CXX_LANGUAGE_STANDARD = "gnu++0x";
				CLANG_CXX_LIBRARY = "libc++";
				CLANG_ENABLE_MODULES = YES;
				CLANG_ENABLE_OBJC_ARC = YES;
				CLANG_WARN_BOOL_CONVERSION = YES;
				CLANG_WARN_CONSTANT_CONVERSION = YES;
				CLANG_WARN_DIRECT_OBJC_ISA_USAGE = YES_ERROR;
				CLANG_WARN_DOCUMENTATION_COMMENTS = YES;
				CLANG_WARN_EMPTY_BODY = YES;
				CLANG_WARN_ENUM_CONVERSION = YES;
				CLANG_WARN_INFINITE_RECURSION = YES;
				CLANG_WARN_INT_CONVERSION = YES;
				CLANG_WARN_OBJC_ROOT_CLASS = YES_ERROR;
				CLANG_WARN_SUSPICIOUS_MOVE = YES;
				CLANG_WARN_SUSPICIOUS_MOVES = YES;
				CLANG_WARN_UNREACHABLE_CODE = YES;
				CLANG_WARN__DUPLICATE_METHOD_MATCH = YES;
				"CODE_SIGN_IDENTITY[sdk=iphoneos*]" = "iPhone Developer";
				COPY_PHASE_STRIP = NO;
				DEBUG_INFORMATION_FORMAT = "dwarf-with-dsym";
				ENABLE_NS_ASSERTIONS = NO;
				ENABLE_STRICT_OBJC_MSGSEND = YES;
				GCC_C_LANGUAGE_STANDARD = gnu99;
				GCC_NO_COMMON_BLOCKS = YES;
				GCC_WARN_64_TO_32_BIT_CONVERSION = YES;
				GCC_WARN_ABOUT_RETURN_TYPE = YES_ERROR;
				GCC_WARN_UNDECLARED_SELECTOR = YES;
				GCC_WARN_UNINITIALIZED_AUTOS = YES_AGGRESSIVE;
				GCC_WARN_UNUSED_FUNCTION = YES;
				GCC_WARN_UNUSED_VARIABLE = YES;
				IPHONEOS_DEPLOYMENT_TARGET = 10.0;
				MTL_ENABLE_DEBUG_INFO = NO;
				SDKROOT = iphoneos;
				SWIFT_OPTIMIZATION_LEVEL = "-Owholemodule";
				TARGETED_DEVICE_FAMILY = "1,2";
				VALIDATE_PRODUCT = YES;
			};
			name = Release;
		};
		6BF0942F1DCC06F800A704D0 /* Debug */ = {
			isa = XCBuildConfiguration;
			baseConfigurationReference = E6A66EF341C1AA8D6B6D715A /* Pods-BB app.debug.xcconfig */;
			buildSettings = {
				ASSETCATALOG_COMPILER_APPICON_NAME = AppIcon;
				CLANG_ENABLE_MODULES = YES;
				INFOPLIST_FILE = "BB app/Info.plist";
				LD_RUNPATH_SEARCH_PATHS = "$(inherited) @executable_path/Frameworks";
				PRODUCT_BUNDLE_IDENTIFIER = "com.mycompany.BB-app";
				PRODUCT_NAME = "$(TARGET_NAME)";
				SWIFT_OPTIMIZATION_LEVEL = "-Onone";
				SWIFT_VERSION = 3.0;
			};
			name = Debug;
		};
		6BF094301DCC06F800A704D0 /* Release */ = {
			isa = XCBuildConfiguration;
			baseConfigurationReference = 7C9333C1BB4A397CF7D028A3 /* Pods-BB app.release.xcconfig */;
			buildSettings = {
				ASSETCATALOG_COMPILER_APPICON_NAME = AppIcon;
				CLANG_ENABLE_MODULES = YES;
				INFOPLIST_FILE = "BB app/Info.plist";
				LD_RUNPATH_SEARCH_PATHS = "$(inherited) @executable_path/Frameworks";
				PRODUCT_BUNDLE_IDENTIFIER = "com.mycompany.BB-app";
				PRODUCT_NAME = "$(TARGET_NAME)";
				SWIFT_VERSION = 3.0;
			};
			name = Release;
		};
/* End XCBuildConfiguration section */

/* Begin XCConfigurationList section */
		6BF094171DCC06F800A704D0 /* Build configuration list for PBXProject "BB app" */ = {
			isa = XCConfigurationList;
			buildConfigurations = (
				6BF0942C1DCC06F800A704D0 /* Debug */,
				6BF0942D1DCC06F800A704D0 /* Release */,
			);
			defaultConfigurationIsVisible = 0;
			defaultConfigurationName = Release;
		};
		6BF0942E1DCC06F800A704D0 /* Build configuration list for PBXNativeTarget "BB app" */ = {
			isa = XCConfigurationList;
			buildConfigurations = (
				6BF0942F1DCC06F800A704D0 /* Debug */,
				6BF094301DCC06F800A704D0 /* Release */,
			);
			defaultConfigurationIsVisible = 0;
			defaultConfigurationName = Release;
		};
/* End XCConfigurationList section */
	};
	rootObject = 6BF094141DCC06F800A704D0 /* Project object */;
}
